// !$*UTF8*$!
{
	archiveVersion = 1;
	classes = {
	};
	objectVersion = 56;
	objects = {

/* Begin PBXBuildFile section */
		1C2263DB29F9835D00604A9B /* AppDelegate.swift in Sources */ = {isa = PBXBuildFile; fileRef = 1C2263DA29F9835D00604A9B /* AppDelegate.swift */; };
		1C2263DD29F9835D00604A9B /* SceneDelegate.swift in Sources */ = {isa = PBXBuildFile; fileRef = 1C2263DC29F9835D00604A9B /* SceneDelegate.swift */; };
		1C2263DF29F9835D00604A9B /* WeatherViewController.swift in Sources */ = {isa = PBXBuildFile; fileRef = 1C2263DE29F9835D00604A9B /* WeatherViewController.swift */; };
		1C2263E429F9835E00604A9B /* Assets.xcassets in Resources */ = {isa = PBXBuildFile; fileRef = 1C2263E329F9835E00604A9B /* Assets.xcassets */; };
		1C2263E729F9835E00604A9B /* LaunchScreen.storyboard in Resources */ = {isa = PBXBuildFile; fileRef = 1C2263E529F9835E00604A9B /* LaunchScreen.storyboard */; };
		1C2263FE29F9835E00604A9B /* SmartWeatherUITestsLaunchTests.swift in Sources */ = {isa = PBXBuildFile; fileRef = 1C2263FD29F9835E00604A9B /* SmartWeatherUITestsLaunchTests.swift */; };
		1C22641929F98A4100604A9B /* WeatherManager.swift in Sources */ = {isa = PBXBuildFile; fileRef = 1C22641829F98A4100604A9B /* WeatherManager.swift */; };
/* End PBXBuildFile section */

/* Begin PBXContainerItemProxy section */
		1C2263EE29F9835E00604A9B /* PBXContainerItemProxy */ = {
			isa = PBXContainerItemProxy;
			containerPortal = 1C2263CF29F9835D00604A9B /* Project object */;
			proxyType = 1;
			remoteGlobalIDString = 1C2263D629F9835D00604A9B;
			remoteInfo = SmartWeather;
		};
		1C2263F829F9835E00604A9B /* PBXContainerItemProxy */ = {
			isa = PBXContainerItemProxy;
			containerPortal = 1C2263CF29F9835D00604A9B /* Project object */;
			proxyType = 1;
			remoteGlobalIDString = 1C2263D629F9835D00604A9B;
			remoteInfo = SmartWeather;
		};
/* End PBXContainerItemProxy section */

/* Begin PBXFileReference section */
		1C2263D729F9835D00604A9B /* SmartWeather.app */ = {isa = PBXFileReference; explicitFileType = wrapper.application; includeInIndex = 0; path = SmartWeather.app; sourceTree = BUILT_PRODUCTS_DIR; };
		1C2263DA29F9835D00604A9B /* AppDelegate.swift */ = {isa = PBXFileReference; lastKnownFileType = sourcecode.swift; path = AppDelegate.swift; sourceTree = "<group>"; };
		1C2263DC29F9835D00604A9B /* SceneDelegate.swift */ = {isa = PBXFileReference; lastKnownFileType = sourcecode.swift; path = SceneDelegate.swift; sourceTree = "<group>"; };
		1C2263DE29F9835D00604A9B /* WeatherViewController.swift */ = {isa = PBXFileReference; lastKnownFileType = sourcecode.swift; path = WeatherViewController.swift; sourceTree = "<group>"; };
		1C2263E329F9835E00604A9B /* Assets.xcassets */ = {isa = PBXFileReference; lastKnownFileType = folder.assetcatalog; path = Assets.xcassets; sourceTree = "<group>"; };
		1C2263E629F9835E00604A9B /* Base */ = {isa = PBXFileReference; lastKnownFileType = file.storyboard; name = Base; path = Base.lproj/LaunchScreen.storyboard; sourceTree = "<group>"; };
		1C2263E829F9835E00604A9B /* Info.plist */ = {isa = PBXFileReference; lastKnownFileType = text.plist.xml; path = Info.plist; sourceTree = "<group>"; };
		1C2263ED29F9835E00604A9B /* SmartWeatherTests.xctest */ = {isa = PBXFileReference; explicitFileType = wrapper.cfbundle; includeInIndex = 0; path = SmartWeatherTests.xctest; sourceTree = BUILT_PRODUCTS_DIR; };
		1C2263F729F9835E00604A9B /* SmartWeatherUITests.xctest */ = {isa = PBXFileReference; explicitFileType = wrapper.cfbundle; includeInIndex = 0; path = SmartWeatherUITests.xctest; sourceTree = BUILT_PRODUCTS_DIR; };
		1C2263FD29F9835E00604A9B /* SmartWeatherUITestsLaunchTests.swift */ = {isa = PBXFileReference; lastKnownFileType = sourcecode.swift; path = SmartWeatherUITestsLaunchTests.swift; sourceTree = "<group>"; };
		1C22641829F98A4100604A9B /* WeatherManager.swift */ = {isa = PBXFileReference; lastKnownFileType = sourcecode.swift; path = WeatherManager.swift; sourceTree = "<group>"; };
		1C22641A29F98C2100604A9B /* SmartWeather.entitlements */ = {isa = PBXFileReference; lastKnownFileType = text.plist.entitlements; path = SmartWeather.entitlements; sourceTree = "<group>"; };
/* End PBXFileReference section */

/* Begin PBXFrameworksBuildPhase section */
		1C2263D429F9835D00604A9B /* Frameworks */ = {
			isa = PBXFrameworksBuildPhase;
			buildActionMask = 2147483647;
			files = (
			);
			runOnlyForDeploymentPostprocessing = 0;
		};
		1C2263EA29F9835E00604A9B /* Frameworks */ = {
			isa = PBXFrameworksBuildPhase;
			buildActionMask = 2147483647;
			files = (
			);
			runOnlyForDeploymentPostprocessing = 0;
		};
		1C2263F429F9835E00604A9B /* Frameworks */ = {
			isa = PBXFrameworksBuildPhase;
			buildActionMask = 2147483647;
			files = (
			);
			runOnlyForDeploymentPostprocessing = 0;
		};
/* End PBXFrameworksBuildPhase section */

/* Begin PBXGroup section */
		1C2263CE29F9835D00604A9B = {
			isa = PBXGroup;
			children = (
				1C2263D929F9835D00604A9B /* SmartWeather */,
				1C2263F029F9835E00604A9B /* SmartWeatherTests */,
				1C2263FA29F9835E00604A9B /* SmartWeatherUITests */,
				1C2263D829F9835D00604A9B /* Products */,
			);
			sourceTree = "<group>";
		};
		1C2263D829F9835D00604A9B /* Products */ = {
			isa = PBXGroup;
			children = (
				1C2263D729F9835D00604A9B /* SmartWeather.app */,
				1C2263ED29F9835E00604A9B /* SmartWeatherTests.xctest */,
				1C2263F729F9835E00604A9B /* SmartWeatherUITests.xctest */,
			);
			name = Products;
			sourceTree = "<group>";
		};
		1C2263D929F9835D00604A9B /* SmartWeather */ = {
			isa = PBXGroup;
			children = (
				1C22640B29F9881400604A9B /* Source Files */,
				1C22640C29F9881F00604A9B /* Resources */,
				1C22640D29F9882400604A9B /* Supporting Files */,
			);
			path = SmartWeather;
			sourceTree = "<group>";
		};
		1C2263F029F9835E00604A9B /* SmartWeatherTests */ = {
			isa = PBXGroup;
			children = (
			);
			path = SmartWeatherTests;
			sourceTree = "<group>";
		};
		1C2263FA29F9835E00604A9B /* SmartWeatherUITests */ = {
			isa = PBXGroup;
			children = (
				1C2263FD29F9835E00604A9B /* SmartWeatherUITestsLaunchTests.swift */,
			);
			path = SmartWeatherUITests;
			sourceTree = "<group>";
		};
		1C22640B29F9881400604A9B /* Source Files */ = {
			isa = PBXGroup;
			children = (
				1C22640E29F9887600604A9B /* Application Flow */,
				1C22640F29F9887D00604A9B /* Common */,
				1C22641029F9888600604A9B /* Helpers */,
			);
			path = "Source Files";
			sourceTree = "<group>";
		};
		1C22640C29F9881F00604A9B /* Resources */ = {
			isa = PBXGroup;
			children = (
				1C2263E329F9835E00604A9B /* Assets.xcassets */,
			);
			path = Resources;
			sourceTree = "<group>";
		};
		1C22640D29F9882400604A9B /* Supporting Files */ = {
			isa = PBXGroup;
			children = (
				1C2263E829F9835E00604A9B /* Info.plist */,
				1C22641A29F98C2100604A9B /* SmartWeather.entitlements */,
			);
			path = "Supporting Files";
			sourceTree = "<group>";
		};
		1C22640E29F9887600604A9B /* Application Flow */ = {
			isa = PBXGroup;
			children = (
				1C22641429F98A1A00604A9B /* Weather */,
			);
			path = "Application Flow";
			sourceTree = "<group>";
		};
		1C22640F29F9887D00604A9B /* Common */ = {
			isa = PBXGroup;
			children = (
				1C22641329F988B200604A9B /* Storyboards */,
				1C22641129F9889200604A9B /* Delegates */,
			);
			path = Common;
			sourceTree = "<group>";
		};
		1C22641029F9888600604A9B /* Helpers */ = {
			isa = PBXGroup;
			children = (
			);
			path = Helpers;
			sourceTree = "<group>";
		};
		1C22641129F9889200604A9B /* Delegates */ = {
			isa = PBXGroup;
			children = (
				1C22641229F9889C00604A9B /* App */,
			);
			path = Delegates;
			sourceTree = "<group>";
		};
		1C22641229F9889C00604A9B /* App */ = {
			isa = PBXGroup;
			children = (
				1C2263DA29F9835D00604A9B /* AppDelegate.swift */,
				1C2263DC29F9835D00604A9B /* SceneDelegate.swift */,
			);
			path = App;
			sourceTree = "<group>";
		};
		1C22641329F988B200604A9B /* Storyboards */ = {
			isa = PBXGroup;
			children = (
				1C2263E529F9835E00604A9B /* LaunchScreen.storyboard */,
			);
			path = Storyboards;
			sourceTree = "<group>";
		};
		1C22641429F98A1A00604A9B /* Weather */ = {
			isa = PBXGroup;
			children = (
				1C22641729F98A3400604A9B /* Models */,
				1C22641629F98A3000604A9B /* Views */,
				1C22641529F98A2000604A9B /* Controllers */,
			);
			path = Weather;
			sourceTree = "<group>";
		};
		1C22641529F98A2000604A9B /* Controllers */ = {
			isa = PBXGroup;
			children = (
				1C2263DE29F9835D00604A9B /* WeatherViewController.swift */,
			);
			path = Controllers;
			sourceTree = "<group>";
		};
		1C22641629F98A3000604A9B /* Views */ = {
			isa = PBXGroup;
			children = (
			);
			path = Views;
			sourceTree = "<group>";
		};
		1C22641729F98A3400604A9B /* Models */ = {
			isa = PBXGroup;
			children = (
				1C22641829F98A4100604A9B /* WeatherManager.swift */,
			);
			path = Models;
			sourceTree = "<group>";
		};
/* End PBXGroup section */

/* Begin PBXNativeTarget section */
		1C2263D629F9835D00604A9B /* SmartWeather */ = {
			isa = PBXNativeTarget;
			buildConfigurationList = 1C22640129F9835E00604A9B /* Build configuration list for PBXNativeTarget "SmartWeather" */;
			buildPhases = (
				1C2263D329F9835D00604A9B /* Sources */,
				1C2263D429F9835D00604A9B /* Frameworks */,
				1C2263D529F9835D00604A9B /* Resources */,
				1C22640A29F986B800604A9B /* Run SwiftLint */,
			);
			buildRules = (
			);
			dependencies = (
			);
			name = SmartWeather;
			productName = SmartWeather;
			productReference = 1C2263D729F9835D00604A9B /* SmartWeather.app */;
			productType = "com.apple.product-type.application";
		};
		1C2263EC29F9835E00604A9B /* SmartWeatherTests */ = {
			isa = PBXNativeTarget;
			buildConfigurationList = 1C22640429F9835E00604A9B /* Build configuration list for PBXNativeTarget "SmartWeatherTests" */;
			buildPhases = (
				1C2263E929F9835E00604A9B /* Sources */,
				1C2263EA29F9835E00604A9B /* Frameworks */,
				1C2263EB29F9835E00604A9B /* Resources */,
			);
			buildRules = (
			);
			dependencies = (
				1C2263EF29F9835E00604A9B /* PBXTargetDependency */,
			);
			name = SmartWeatherTests;
			productName = SmartWeatherTests;
			productReference = 1C2263ED29F9835E00604A9B /* SmartWeatherTests.xctest */;
			productType = "com.apple.product-type.bundle.unit-test";
		};
		1C2263F629F9835E00604A9B /* SmartWeatherUITests */ = {
			isa = PBXNativeTarget;
			buildConfigurationList = 1C22640729F9835E00604A9B /* Build configuration list for PBXNativeTarget "SmartWeatherUITests" */;
			buildPhases = (
				1C2263F329F9835E00604A9B /* Sources */,
				1C2263F429F9835E00604A9B /* Frameworks */,
				1C2263F529F9835E00604A9B /* Resources */,
			);
			buildRules = (
			);
			dependencies = (
				1C2263F929F9835E00604A9B /* PBXTargetDependency */,
			);
			name = SmartWeatherUITests;
			productName = SmartWeatherUITests;
			productReference = 1C2263F729F9835E00604A9B /* SmartWeatherUITests.xctest */;
			productType = "com.apple.product-type.bundle.ui-testing";
		};
/* End PBXNativeTarget section */

/* Begin PBXProject section */
		1C2263CF29F9835D00604A9B /* Project object */ = {
			isa = PBXProject;
			attributes = {
				BuildIndependentTargetsInParallel = 1;
				LastSwiftUpdateCheck = 1430;
				LastUpgradeCheck = 1430;
				TargetAttributes = {
					1C2263D629F9835D00604A9B = {
						CreatedOnToolsVersion = 14.3;
					};
					1C2263EC29F9835E00604A9B = {
						CreatedOnToolsVersion = 14.3;
						TestTargetID = 1C2263D629F9835D00604A9B;
					};
					1C2263F629F9835E00604A9B = {
						CreatedOnToolsVersion = 14.3;
						TestTargetID = 1C2263D629F9835D00604A9B;
					};
				};
			};
			buildConfigurationList = 1C2263D229F9835D00604A9B /* Build configuration list for PBXProject "SmartWeather" */;
			compatibilityVersion = "Xcode 14.0";
			developmentRegion = en;
			hasScannedForEncodings = 0;
			knownRegions = (
				en,
				Base,
			);
			mainGroup = 1C2263CE29F9835D00604A9B;
			productRefGroup = 1C2263D829F9835D00604A9B /* Products */;
			projectDirPath = "";
			projectRoot = "";
			targets = (
				1C2263D629F9835D00604A9B /* SmartWeather */,
				1C2263EC29F9835E00604A9B /* SmartWeatherTests */,
				1C2263F629F9835E00604A9B /* SmartWeatherUITests */,
			);
		};
/* End PBXProject section */

/* Begin PBXResourcesBuildPhase section */
		1C2263D529F9835D00604A9B /* Resources */ = {
			isa = PBXResourcesBuildPhase;
			buildActionMask = 2147483647;
			files = (
				1C2263E729F9835E00604A9B /* LaunchScreen.storyboard in Resources */,
				1C2263E429F9835E00604A9B /* Assets.xcassets in Resources */,
			);
			runOnlyForDeploymentPostprocessing = 0;
		};
		1C2263EB29F9835E00604A9B /* Resources */ = {
			isa = PBXResourcesBuildPhase;
			buildActionMask = 2147483647;
			files = (
			);
			runOnlyForDeploymentPostprocessing = 0;
		};
		1C2263F529F9835E00604A9B /* Resources */ = {
			isa = PBXResourcesBuildPhase;
			buildActionMask = 2147483647;
			files = (
			);
			runOnlyForDeploymentPostprocessing = 0;
		};
/* End PBXResourcesBuildPhase section */

/* Begin PBXShellScriptBuildPhase section */
		1C22640A29F986B800604A9B /* Run SwiftLint */ = {
			isa = PBXShellScriptBuildPhase;
			alwaysOutOfDate = 1;
			buildActionMask = 2147483647;
			files = (
			);
			inputFileListPaths = (
			);
			inputPaths = (
			);
			name = "Run SwiftLint";
			outputFileListPaths = (
			);
			outputPaths = (
			);
			runOnlyForDeploymentPostprocessing = 0;
			shellPath = /bin/sh;
			shellScript = "if [[ \"$(uname -m)\" == arm64 ]]; then\n    export PATH=\"/opt/homebrew/bin:$PATH\"\nfi\n\nif which swiftlint > /dev/null; then\n  swiftlint\nelse\n  echo \"warning: SwiftLint not installed, download from https://github.com/realm/SwiftLint\"\nfi\n";
		};
/* End PBXShellScriptBuildPhase section */

/* Begin PBXSourcesBuildPhase section */
		1C2263D329F9835D00604A9B /* Sources */ = {
			isa = PBXSourcesBuildPhase;
			buildActionMask = 2147483647;
			files = (
				1C22641929F98A4100604A9B /* WeatherManager.swift in Sources */,
				1C2263DF29F9835D00604A9B /* WeatherViewController.swift in Sources */,
				1C2263DB29F9835D00604A9B /* AppDelegate.swift in Sources */,
				1C2263DD29F9835D00604A9B /* SceneDelegate.swift in Sources */,
			);
			runOnlyForDeploymentPostprocessing = 0;
		};
		1C2263E929F9835E00604A9B /* Sources */ = {
			isa = PBXSourcesBuildPhase;
			buildActionMask = 2147483647;
			files = (
			);
			runOnlyForDeploymentPostprocessing = 0;
		};
		1C2263F329F9835E00604A9B /* Sources */ = {
			isa = PBXSourcesBuildPhase;
			buildActionMask = 2147483647;
			files = (
				1C2263FE29F9835E00604A9B /* SmartWeatherUITestsLaunchTests.swift in Sources */,
			);
			runOnlyForDeploymentPostprocessing = 0;
		};
/* End PBXSourcesBuildPhase section */

/* Begin PBXTargetDependency section */
		1C2263EF29F9835E00604A9B /* PBXTargetDependency */ = {
			isa = PBXTargetDependency;
			target = 1C2263D629F9835D00604A9B /* SmartWeather */;
			targetProxy = 1C2263EE29F9835E00604A9B /* PBXContainerItemProxy */;
		};
		1C2263F929F9835E00604A9B /* PBXTargetDependency */ = {
			isa = PBXTargetDependency;
			target = 1C2263D629F9835D00604A9B /* SmartWeather */;
			targetProxy = 1C2263F829F9835E00604A9B /* PBXContainerItemProxy */;
		};
/* End PBXTargetDependency section */

/* Begin PBXVariantGroup section */
		1C2263E529F9835E00604A9B /* LaunchScreen.storyboard */ = {
			isa = PBXVariantGroup;
			children = (
				1C2263E629F9835E00604A9B /* Base */,
			);
			name = LaunchScreen.storyboard;
			sourceTree = "<group>";
		};
/* End PBXVariantGroup section */

/* Begin XCBuildConfiguration section */
		1C2263FF29F9835E00604A9B /* Debug */ = {
			isa = XCBuildConfiguration;
			buildSettings = {
				ALWAYS_SEARCH_USER_PATHS = NO;
				CLANG_ANALYZER_NONNULL = YES;
				CLANG_ANALYZER_NUMBER_OBJECT_CONVERSION = YES_AGGRESSIVE;
				CLANG_CXX_LANGUAGE_STANDARD = "gnu++20";
				CLANG_ENABLE_MODULES = YES;
				CLANG_ENABLE_OBJC_ARC = YES;
				CLANG_ENABLE_OBJC_WEAK = YES;
				CLANG_WARN_BLOCK_CAPTURE_AUTORELEASING = YES;
				CLANG_WARN_BOOL_CONVERSION = YES;
				CLANG_WARN_COMMA = YES;
				CLANG_WARN_CONSTANT_CONVERSION = YES;
				CLANG_WARN_DEPRECATED_OBJC_IMPLEMENTATIONS = YES;
				CLANG_WARN_DIRECT_OBJC_ISA_USAGE = YES_ERROR;
				CLANG_WARN_DOCUMENTATION_COMMENTS = YES;
				CLANG_WARN_EMPTY_BODY = YES;
				CLANG_WARN_ENUM_CONVERSION = YES;
				CLANG_WARN_INFINITE_RECURSION = YES;
				CLANG_WARN_INT_CONVERSION = YES;
				CLANG_WARN_NON_LITERAL_NULL_CONVERSION = YES;
				CLANG_WARN_OBJC_IMPLICIT_RETAIN_SELF = YES;
				CLANG_WARN_OBJC_LITERAL_CONVERSION = YES;
				CLANG_WARN_OBJC_ROOT_CLASS = YES_ERROR;
				CLANG_WARN_QUOTED_INCLUDE_IN_FRAMEWORK_HEADER = YES;
				CLANG_WARN_RANGE_LOOP_ANALYSIS = YES;
				CLANG_WARN_STRICT_PROTOTYPES = YES;
				CLANG_WARN_SUSPICIOUS_MOVE = YES;
				CLANG_WARN_UNGUARDED_AVAILABILITY = YES_AGGRESSIVE;
				CLANG_WARN_UNREACHABLE_CODE = YES;
				CLANG_WARN__DUPLICATE_METHOD_MATCH = YES;
				COPY_PHASE_STRIP = NO;
				DEBUG_INFORMATION_FORMAT = dwarf;
				ENABLE_STRICT_OBJC_MSGSEND = YES;
				ENABLE_TESTABILITY = YES;
				GCC_C_LANGUAGE_STANDARD = gnu11;
				GCC_DYNAMIC_NO_PIC = NO;
				GCC_NO_COMMON_BLOCKS = YES;
				GCC_OPTIMIZATION_LEVEL = 0;
				GCC_PREPROCESSOR_DEFINITIONS = (
					"DEBUG=1",
					"$(inherited)",
				);
				GCC_WARN_64_TO_32_BIT_CONVERSION = YES;
				GCC_WARN_ABOUT_RETURN_TYPE = YES_ERROR;
				GCC_WARN_UNDECLARED_SELECTOR = YES;
				GCC_WARN_UNINITIALIZED_AUTOS = YES_AGGRESSIVE;
				GCC_WARN_UNUSED_FUNCTION = YES;
				GCC_WARN_UNUSED_VARIABLE = YES;
				IPHONEOS_DEPLOYMENT_TARGET = 16.4;
				MTL_ENABLE_DEBUG_INFO = INCLUDE_SOURCE;
				MTL_FAST_MATH = YES;
				ONLY_ACTIVE_ARCH = YES;
				SDKROOT = iphoneos;
				SWIFT_ACTIVE_COMPILATION_CONDITIONS = DEBUG;
				SWIFT_OPTIMIZATION_LEVEL = "-Onone";
			};
			name = Debug;
		};
		1C22640029F9835E00604A9B /* Release */ = {
			isa = XCBuildConfiguration;
			buildSettings = {
				ALWAYS_SEARCH_USER_PATHS = NO;
				CLANG_ANALYZER_NONNULL = YES;
				CLANG_ANALYZER_NUMBER_OBJECT_CONVERSION = YES_AGGRESSIVE;
				CLANG_CXX_LANGUAGE_STANDARD = "gnu++20";
				CLANG_ENABLE_MODULES = YES;
				CLANG_ENABLE_OBJC_ARC = YES;
				CLANG_ENABLE_OBJC_WEAK = YES;
				CLANG_WARN_BLOCK_CAPTURE_AUTORELEASING = YES;
				CLANG_WARN_BOOL_CONVERSION = YES;
				CLANG_WARN_COMMA = YES;
				CLANG_WARN_CONSTANT_CONVERSION = YES;
				CLANG_WARN_DEPRECATED_OBJC_IMPLEMENTATIONS = YES;
				CLANG_WARN_DIRECT_OBJC_ISA_USAGE = YES_ERROR;
				CLANG_WARN_DOCUMENTATION_COMMENTS = YES;
				CLANG_WARN_EMPTY_BODY = YES;
				CLANG_WARN_ENUM_CONVERSION = YES;
				CLANG_WARN_INFINITE_RECURSION = YES;
				CLANG_WARN_INT_CONVERSION = YES;
				CLANG_WARN_NON_LITERAL_NULL_CONVERSION = YES;
				CLANG_WARN_OBJC_IMPLICIT_RETAIN_SELF = YES;
				CLANG_WARN_OBJC_LITERAL_CONVERSION = YES;
				CLANG_WARN_OBJC_ROOT_CLASS = YES_ERROR;
				CLANG_WARN_QUOTED_INCLUDE_IN_FRAMEWORK_HEADER = YES;
				CLANG_WARN_RANGE_LOOP_ANALYSIS = YES;
				CLANG_WARN_STRICT_PROTOTYPES = YES;
				CLANG_WARN_SUSPICIOUS_MOVE = YES;
				CLANG_WARN_UNGUARDED_AVAILABILITY = YES_AGGRESSIVE;
				CLANG_WARN_UNREACHABLE_CODE = YES;
				CLANG_WARN__DUPLICATE_METHOD_MATCH = YES;
				COPY_PHASE_STRIP = NO;
				DEBUG_INFORMATION_FORMAT = "dwarf-with-dsym";
				ENABLE_NS_ASSERTIONS = NO;
				ENABLE_STRICT_OBJC_MSGSEND = YES;
				GCC_C_LANGUAGE_STANDARD = gnu11;
				GCC_NO_COMMON_BLOCKS = YES;
				GCC_WARN_64_TO_32_BIT_CONVERSION = YES;
				GCC_WARN_ABOUT_RETURN_TYPE = YES_ERROR;
				GCC_WARN_UNDECLARED_SELECTOR = YES;
				GCC_WARN_UNINITIALIZED_AUTOS = YES_AGGRESSIVE;
				GCC_WARN_UNUSED_FUNCTION = YES;
				GCC_WARN_UNUSED_VARIABLE = YES;
				IPHONEOS_DEPLOYMENT_TARGET = 16.4;
				MTL_ENABLE_DEBUG_INFO = NO;
				MTL_FAST_MATH = YES;
				SDKROOT = iphoneos;
				SWIFT_COMPILATION_MODE = wholemodule;
				SWIFT_OPTIMIZATION_LEVEL = "-O";
				VALIDATE_PRODUCT = YES;
			};
			name = Release;
		};
		1C22640229F9835E00604A9B /* Debug */ = {
			isa = XCBuildConfiguration;
			buildSettings = {
				ASSETCATALOG_COMPILER_APPICON_NAME = AppIcon;
				ASSETCATALOG_COMPILER_GLOBAL_ACCENT_COLOR_NAME = AccentColor;
				CODE_SIGN_ENTITLEMENTS = "SmartWeather/Supporting Files/SmartWeather.entitlements";
				CODE_SIGN_STYLE = Automatic;
				CURRENT_PROJECT_VERSION = 1;
				DEVELOPMENT_TEAM = G6NTB33VYZ;
				GENERATE_INFOPLIST_FILE = YES;
				INFOPLIST_FILE = "SmartWeather/Supporting Files/Info.plist";
				INFOPLIST_KEY_UIApplicationSupportsIndirectInputEvents = YES;
				INFOPLIST_KEY_UILaunchStoryboardName = LaunchScreen;
				INFOPLIST_KEY_UISupportedInterfaceOrientations_iPad = "UIInterfaceOrientationPortrait UIInterfaceOrientationPortraitUpsideDown UIInterfaceOrientationLandscapeLeft UIInterfaceOrientationLandscapeRight";
				INFOPLIST_KEY_UISupportedInterfaceOrientations_iPhone = "UIInterfaceOrientationPortrait UIInterfaceOrientationLandscapeLeft UIInterfaceOrientationLandscapeRight";
				LD_RUNPATH_SEARCH_PATHS = (
					"$(inherited)",
					"@executable_path/Frameworks",
				);
				MARKETING_VERSION = 1.0;
				PRODUCT_BUNDLE_IDENTIFIER = com.jakubdabrowski.SmartWeather;
				PRODUCT_NAME = "$(TARGET_NAME)";
				SWIFT_EMIT_LOC_STRINGS = YES;
				SWIFT_VERSION = 5.0;
				TARGETED_DEVICE_FAMILY = "1,2";
			};
			name = Debug;
		};
		1C22640329F9835E00604A9B /* Release */ = {
			isa = XCBuildConfiguration;
			buildSettings = {
				ASSETCATALOG_COMPILER_APPICON_NAME = AppIcon;
				ASSETCATALOG_COMPILER_GLOBAL_ACCENT_COLOR_NAME = AccentColor;
				CODE_SIGN_ENTITLEMENTS = "SmartWeather/Supporting Files/SmartWeather.entitlements";
				CODE_SIGN_STYLE = Automatic;
				CURRENT_PROJECT_VERSION = 1;
				DEVELOPMENT_TEAM = G6NTB33VYZ;
				GENERATE_INFOPLIST_FILE = YES;
				INFOPLIST_FILE = "SmartWeather/Supporting Files/Info.plist";
				INFOPLIST_KEY_UIApplicationSupportsIndirectInputEvents = YES;
				INFOPLIST_KEY_UILaunchStoryboardName = LaunchScreen;
				INFOPLIST_KEY_UISupportedInterfaceOrientations_iPad = "UIInterfaceOrientationPortrait UIInterfaceOrientationPortraitUpsideDown UIInterfaceOrientationLandscapeLeft UIInterfaceOrientationLandscapeRight";
				INFOPLIST_KEY_UISupportedInterfaceOrientations_iPhone = "UIInterfaceOrientationPortrait UIInterfaceOrientationLandscapeLeft UIInterfaceOrientationLandscapeRight";
				LD_RUNPATH_SEARCH_PATHS = (
					"$(inherited)",
					"@executable_path/Frameworks",
				);
				MARKETING_VERSION = 1.0;
				PRODUCT_BUNDLE_IDENTIFIER = com.jakubdabrowski.SmartWeather;
				PRODUCT_NAME = "$(TARGET_NAME)";
				SWIFT_EMIT_LOC_STRINGS = YES;
				SWIFT_VERSION = 5.0;
				TARGETED_DEVICE_FAMILY = "1,2";
			};
			name = Release;
		};
		1C22640529F9835E00604A9B /* Debug */ = {
			isa = XCBuildConfiguration;
			buildSettings = {
				ALWAYS_EMBED_SWIFT_STANDARD_LIBRARIES = YES;
				BUNDLE_LOADER = "$(TEST_HOST)";
				CODE_SIGN_STYLE = Automatic;
				CURRENT_PROJECT_VERSION = 1;
				DEVELOPMENT_TEAM = G6NTB33VYZ;
				GENERATE_INFOPLIST_FILE = YES;
				IPHONEOS_DEPLOYMENT_TARGET = 16.4;
				MARKETING_VERSION = 1.0;
				PRODUCT_BUNDLE_IDENTIFIER = com.jakubdabrowski.SmartWeatherTests;
				PRODUCT_NAME = "$(TARGET_NAME)";
				SWIFT_EMIT_LOC_STRINGS = NO;
				SWIFT_VERSION = 5.0;
				TARGETED_DEVICE_FAMILY = "1,2";
				TEST_HOST = "$(BUILT_PRODUCTS_DIR)/SmartWeather.app/$(BUNDLE_EXECUTABLE_FOLDER_PATH)/SmartWeather";
			};
			name = Debug;
		};
		1C22640629F9835E00604A9B /* Release */ = {
			isa = XCBuildConfiguration;
			buildSettings = {
				ALWAYS_EMBED_SWIFT_STANDARD_LIBRARIES = YES;
				BUNDLE_LOADER = "$(TEST_HOST)";
				CODE_SIGN_STYLE = Automatic;
				CURRENT_PROJECT_VERSION = 1;
				DEVELOPMENT_TEAM = G6NTB33VYZ;
				GENERATE_INFOPLIST_FILE = YES;
				IPHONEOS_DEPLOYMENT_TARGET = 16.4;
				MARKETING_VERSION = 1.0;
				PRODUCT_BUNDLE_IDENTIFIER = com.jakubdabrowski.SmartWeatherTests;
				PRODUCT_NAME = "$(TARGET_NAME)";
				SWIFT_EMIT_LOC_STRINGS = NO;
				SWIFT_VERSION = 5.0;
				TARGETED_DEVICE_FAMILY = "1,2";
				TEST_HOST = "$(BUILT_PRODUCTS_DIR)/SmartWeather.app/$(BUNDLE_EXECUTABLE_FOLDER_PATH)/SmartWeather";
			};
			name = Release;
		};
		1C22640829F9835E00604A9B /* Debug */ = {
			isa = XCBuildConfiguration;
			buildSettings = {
				ALWAYS_EMBED_SWIFT_STANDARD_LIBRARIES = YES;
				CODE_SIGN_STYLE = Automatic;
				CURRENT_PROJECT_VERSION = 1;
				DEVELOPMENT_TEAM = G6NTB33VYZ;
				GENERATE_INFOPLIST_FILE = YES;
				MARKETING_VERSION = 1.0;
				PRODUCT_BUNDLE_IDENTIFIER = com.jakubdabrowski.SmartWeatherUITests;
				PRODUCT_NAME = "$(TARGET_NAME)";
				SWIFT_EMIT_LOC_STRINGS = NO;
				SWIFT_VERSION = 5.0;
				TARGETED_DEVICE_FAMILY = "1,2";
				TEST_TARGET_NAME = SmartWeather;
			};
			name = Debug;
		};
		1C22640929F9835E00604A9B /* Release */ = {
			isa = XCBuildConfiguration;
			buildSettings = {
				ALWAYS_EMBED_SWIFT_STANDARD_LIBRARIES = YES;
				CODE_SIGN_STYLE = Automatic;
				CURRENT_PROJECT_VERSION = 1;
				DEVELOPMENT_TEAM = G6NTB33VYZ;
				GENERATE_INFOPLIST_FILE = YES;
				MARKETING_VERSION = 1.0;
				PRODUCT_BUNDLE_IDENTIFIER = com.jakubdabrowski.SmartWeatherUITests;
				PRODUCT_NAME = "$(TARGET_NAME)";
				SWIFT_EMIT_LOC_STRINGS = NO;
				SWIFT_VERSION = 5.0;
				TARGETED_DEVICE_FAMILY = "1,2";
				TEST_TARGET_NAME = SmartWeather;
			};
			name = Release;
		};
/* End XCBuildConfiguration section */

/* Begin XCConfigurationList section */
		1C2263D229F9835D00604A9B /* Build configuration list for PBXProject "SmartWeather" */ = {
			isa = XCConfigurationList;
			buildConfigurations = (
				1C2263FF29F9835E00604A9B /* Debug */,
				1C22640029F9835E00604A9B /* Release */,
			);
			defaultConfigurationIsVisible = 0;
			defaultConfigurationName = Release;
		};
		1C22640129F9835E00604A9B /* Build configuration list for PBXNativeTarget "SmartWeather" */ = {
			isa = XCConfigurationList;
			buildConfigurations = (
				1C22640229F9835E00604A9B /* Debug */,
				1C22640329F9835E00604A9B /* Release */,
			);
			defaultConfigurationIsVisible = 0;
			defaultConfigurationName = Release;
		};
		1C22640429F9835E00604A9B /* Build configuration list for PBXNativeTarget "SmartWeatherTests" */ = {
			isa = XCConfigurationList;
			buildConfigurations = (
				1C22640529F9835E00604A9B /* Debug */,
				1C22640629F9835E00604A9B /* Release */,
			);
			defaultConfigurationIsVisible = 0;
			defaultConfigurationName = Release;
		};
		1C22640729F9835E00604A9B /* Build configuration list for PBXNativeTarget "SmartWeatherUITests" */ = {
			isa = XCConfigurationList;
			buildConfigurations = (
				1C22640829F9835E00604A9B /* Debug */,
				1C22640929F9835E00604A9B /* Release */,
			);
			defaultConfigurationIsVisible = 0;
			defaultConfigurationName = Release;
		};
/* End XCConfigurationList section */
	};
	rootObject = 1C2263CF29F9835D00604A9B /* Project object */;
}
